
Microsoft Visual Studio Solution File, Format Version 12.00
# Visual Studio Version 18
VisualStudioVersion = 18.1.11312.151 d18.0
MinimumVisualStudioVersion = 10.0.40219.1
Project("{FAE04EC0-301F-11D3-BF4B-00C04F79EFBC}") = "DataFlow", "DataFlow\DataFlow.csproj", "{156D77B4-A03E-47A1-89E8-952A9CAB0E95}"
EndProject
Project("{FAE04EC0-301F-11D3-BF4B-00C04F79EFBC}") = "Tests", "Tests\Tests.csproj", "{EA1B992F-EF32-41D8-A30C-FB6A92AD97A5}"
EndProject
Project("{2150E333-8FDC-42A3-9474-1A3956D46DE8}") = "Solution Items", "Solution Items", "{9A2BFF27-3A62-4D1E-A408-4E02E8E43B81}"
	ProjectSection(SolutionItems) = preProject
		..\azure-pipelines.yml = ..\azure-pipelines.yml
		Directory.Packages.props = Directory.Packages.props
		..\GitVersion.yml = ..\GitVersion.yml
		..\readme.md = ..\readme.md
	EndProjectSection
EndProject
Project("{2150E333-8FDC-42A3-9474-1A3956D46DE8}") = "docs", "docs", "{8A743E4E-9023-4FF8-A451-C4409DC1DDAE}"
	ProjectSection(SolutionItems) = preProject
		docs\dataflow_concurrency_guide.md = docs\dataflow_concurrency_guide.md
		decisions.md = decisions.md
		docs\mem rate limit.md = docs\mem rate limit.md
	EndProjectSection
EndProject
Project("{FAE04EC0-301F-11D3-BF4B-00C04F79EFBC}") = "Otel.Example", "..\sample\Otel.Example\Otel.Example.csproj", "{8C4052A3-E9FE-4CC7-ABA4-87C5B81ADAE0}"
EndProject
Project("{FAE04EC0-301F-11D3-BF4B-00C04F79EFBC}") = "Benchmarks", "Benchmarks\Benchmarks.csproj", "{6745C933-70E9-4F02-98B3-5F1D617B77CD}"
EndProject
Project("{FAE04EC0-301F-11D3-BF4B-00C04F79EFBC}") = "DataFlow.OpenTelemetry", "DataFlow.OpenTelemetry\DataFlow.OpenTelemetry.csproj", "{AD8DEA56-5A33-2318-0952-69053C6EDB71}"
EndProject
Project("{FAE04EC0-301F-11D3-BF4B-00C04F79EFBC}") = "Tests.Shared", "Tests.Shared\Tests.Shared.csproj", "{317141E8-315A-4501-BFE2-DBB7FEA44777}"
EndProject
Global
	GlobalSection(SolutionConfigurationPlatforms) = preSolution
		Debug|Any CPU = Debug|Any CPU
		Release|Any CPU = Release|Any CPU
	EndGlobalSection
	GlobalSection(ProjectConfigurationPlatforms) = postSolution
		{156D77B4-A03E-47A1-89E8-952A9CAB0E95}.Debug|Any CPU.ActiveCfg = Debug|Any CPU
		{156D77B4-A03E-47A1-89E8-952A9CAB0E95}.Debug|Any CPU.Build.0 = Debug|Any CPU
		{156D77B4-A03E-47A1-89E8-952A9CAB0E95}.Release|Any CPU.ActiveCfg = Release|Any CPU
		{156D77B4-A03E-47A1-89E8-952A9CAB0E95}.Release|Any CPU.Build.0 = Release|Any CPU
		{EA1B992F-EF32-41D8-A30C-FB6A92AD97A5}.Debug|Any CPU.ActiveCfg = Debug|Any CPU
		{EA1B992F-EF32-41D8-A30C-FB6A92AD97A5}.Debug|Any CPU.Build.0 = Debug|Any CPU
		{EA1B992F-EF32-41D8-A30C-FB6A92AD97A5}.Release|Any CPU.ActiveCfg = Release|Any CPU
		{EA1B992F-EF32-41D8-A30C-FB6A92AD97A5}.Release|Any CPU.Build.0 = Release|Any CPU
		{8C4052A3-E9FE-4CC7-ABA4-87C5B81ADAE0}.Debug|Any CPU.ActiveCfg = Debug|Any CPU
		{8C4052A3-E9FE-4CC7-ABA4-87C5B81ADAE0}.Debug|Any CPU.Build.0 = Debug|Any CPU
		{8C4052A3-E9FE-4CC7-ABA4-87C5B81ADAE0}.Release|Any CPU.ActiveCfg = Release|Any CPU
		{8C4052A3-E9FE-4CC7-ABA4-87C5B81ADAE0}.Release|Any CPU.Build.0 = Release|Any CPU
		{6745C933-70E9-4F02-98B3-5F1D617B77CD}.Debug|Any CPU.ActiveCfg = Debug|Any CPU
		{6745C933-70E9-4F02-98B3-5F1D617B77CD}.Debug|Any CPU.Build.0 = Debug|Any CPU
		{6745C933-70E9-4F02-98B3-5F1D617B77CD}.Release|Any CPU.ActiveCfg = Release|Any CPU
		{6745C933-70E9-4F02-98B3-5F1D617B77CD}.Release|Any CPU.Build.0 = Release|Any CPU
		{AD8DEA56-5A33-2318-0952-69053C6EDB71}.Debug|Any CPU.ActiveCfg = Debug|Any CPU
		{AD8DEA56-5A33-2318-0952-69053C6EDB71}.Debug|Any CPU.Build.0 = Debug|Any CPU
		{AD8DEA56-5A33-2318-0952-69053C6EDB71}.Release|Any CPU.ActiveCfg = Release|Any CPU
		{AD8DEA56-5A33-2318-0952-69053C6EDB71}.Release|Any CPU.Build.0 = Release|Any CPU
		{317141E8-315A-4501-BFE2-DBB7FEA44777}.Debug|Any CPU.ActiveCfg = Debug|Any CPU
		{317141E8-315A-4501-BFE2-DBB7FEA44777}.Debug|Any CPU.Build.0 = Debug|Any CPU
		{317141E8-315A-4501-BFE2-DBB7FEA44777}.Release|Any CPU.ActiveCfg = Release|Any CPU
		{317141E8-315A-4501-BFE2-DBB7FEA44777}.Release|Any CPU.Build.0 = Release|Any CPU
	EndGlobalSection
	GlobalSection(SolutionProperties) = preSolution
		HideSolutionNode = FALSE
	EndGlobalSection
	GlobalSection(NestedProjects) = preSolution
		{8A743E4E-9023-4FF8-A451-C4409DC1DDAE} = {9A2BFF27-3A62-4D1E-A408-4E02E8E43B81}
	EndGlobalSection
	GlobalSection(ExtensibilityGlobals) = postSolution
		SolutionGuid = {6D00064A-63EB-4C14-B188-578BC2ADBFB3}
	EndGlobalSection
EndGlobal
